
Microsoft Visual Studio Solution File, Format Version 12.00
# Visual Studio 15
VisualStudioVersion = 15.0.27428.2043
MinimumVisualStudioVersion = 10.0.40219.1
Project("{FAE04EC0-301F-11D3-BF4B-00C04F79EFBC}") = "ContentFileTestFramework471", "ContentFileTestFramework471\ContentFileTestFramework471.csproj", "{74757F10-B35E-4670-A9FC-87F688CF659B}"
EndProject
Project("{FAE04EC0-301F-11D3-BF4B-00C04F79EFBC}") = "ContentFileTestNetStd2", "ContentFileTestNetStd2\ContentFileTestNetStd2.csproj", "{65E98AFF-DA30-4569-A4CC-18A407845948}"
EndProject
Project("{FAE04EC0-301F-11D3-BF4B-00C04F79EFBC}") = "ContentFileTestNetCore", "ContentFileTestNetCore\ContentFileTestNetCore.csproj", "{6F71F203-E757-43B8-A7B5-3C9881742F11}"
EndProject
Global
	GlobalSection(SolutionConfigurationPlatforms) = preSolution
		Debug|Any CPU = Debug|Any CPU
		Release|Any CPU = Release|Any CPU
	EndGlobalSection
	GlobalSection(ProjectConfigurationPlatforms) = postSolution
		{74757F10-B35E-4670-A9FC-87F688CF659B}.Debug|Any CPU.ActiveCfg = Debug|Any CPU
		{74757F10-B35E-4670-A9FC-87F688CF659B}.Debug|Any CPU.Build.0 = Debug|Any CPU
		{74757F10-B35E-4670-A9FC-87F688CF659B}.Release|Any CPU.ActiveCfg = Release|Any CPU
		{74757F10-B35E-4670-A9FC-87F688CF659B}.Release|Any CPU.Build.0 = Release|Any CPU
		{65E98AFF-DA30-4569-A4CC-18A407845948}.Debug|Any CPU.ActiveCfg = Debug|Any CPU
		{65E98AFF-DA30-4569-A4CC-18A407845948}.Debug|Any CPU.Build.0 = Debug|Any CPU
		{65E98AFF-DA30-4569-A4CC-18A407845948}.Release|Any CPU.ActiveCfg = Release|Any CPU
		{65E98AFF-DA30-4569-A4CC-18A407845948}.Release|Any CPU.Build.0 = Release|Any CPU
		{6F71F203-E757-43B8-A7B5-3C9881742F11}.Debug|Any CPU.ActiveCfg = Debug|Any CPU
		{6F71F203-E757-43B8-A7B5-3C9881742F11}.Debug|Any CPU.Build.0 = Debug|Any CPU
		{6F71F203-E757-43B8-A7B5-3C9881742F11}.Release|Any CPU.ActiveCfg = Release|Any CPU
		{6F71F203-E757-43B8-A7B5-3C9881742F11}.Release|Any CPU.Build.0 = Release|Any CPU
	EndGlobalSection
	GlobalSection(SolutionProperties) = preSolution
		HideSolutionNode = FALSE
	EndGlobalSection
	GlobalSection(ExtensibilityGlobals) = postSolution
		SolutionGuid = {C1112E39-4084-40D8-AE15-E4078016EE8B}
	EndGlobalSection
EndGlobal
